
Microsoft Visual Studio Solution File, Format Version 12.00
Project("{FAE04EC0-301F-11D3-BF4B-00C04F79EFBC}") = "ToDoWebApi", "ToDoWebApi.csproj", "{9AF52696-5BD6-44F4-A583-C2DED4FF6FFC}"
EndProject
Global
	GlobalSection(SolutionConfigurationPlatforms) = preSolution
		Debug|Any CPU = Debug|Any CPU
		Release|Any CPU = Release|Any CPU
	EndGlobalSection
	GlobalSection(ProjectConfigurationPlatforms) = postSolution
		{9AF52696-5BD6-44F4-A583-C2DED4FF6FFC}.Debug|Any CPU.ActiveCfg = Debug|Any CPU
		{9AF52696-5BD6-44F4-A583-C2DED4FF6FFC}.Debug|Any CPU.Build.0 = Debug|Any CPU
		{9AF52696-5BD6-44F4-A583-C2DED4FF6FFC}.Release|Any CPU.ActiveCfg = Release|Any CPU
		{9AF52696-5BD6-44F4-A583-C2DED4FF6FFC}.Release|Any CPU.Build.0 = Release|Any CPU
	EndGlobalSection
EndGlobal
